
Microsoft Visual Studio Solution File, Format Version 12.00
Project("{FAE04EC0-301F-11D3-BF4B-00C04F79EFBC}") = "Mediator.Core", "Mediator.Core\Mediator.Core.csproj", "{2AF07260-7D8B-4296-AB53-6363B65D91FE}"
EndProject
Global
	GlobalSection(SolutionConfigurationPlatforms) = preSolution
		Debug|Any CPU = Debug|Any CPU
		Release|Any CPU = Release|Any CPU
	EndGlobalSection
	GlobalSection(ProjectConfigurationPlatforms) = postSolution
		{2AF07260-7D8B-4296-AB53-6363B65D91FE}.Debug|Any CPU.ActiveCfg = Debug|Any CPU
		{2AF07260-7D8B-4296-AB53-6363B65D91FE}.Debug|Any CPU.Build.0 = Debug|Any CPU
		{2AF07260-7D8B-4296-AB53-6363B65D91FE}.Release|Any CPU.ActiveCfg = Release|Any CPU
		{2AF07260-7D8B-4296-AB53-6363B65D91FE}.Release|Any CPU.Build.0 = Release|Any CPU
	EndGlobalSection
EndGlobal
